
Microsoft Visual Studio Solution File, Format Version 12.00
# Visual Studio Version 17
VisualStudioVersion = 17.8.34525.116
MinimumVisualStudioVersion = 10.0.40219.1
Project("{FAE04EC0-301F-11D3-BF4B-00C04F79EFBC}") = "ExemploAPI", "ExemploAPI\ExemploAPI.csproj", "{5304CABA-5E75-4087-9460-0628A825CE32}"
EndProject
Global
	GlobalSection(SolutionConfigurationPlatforms) = preSolution
		Debug|Any CPU = Debug|Any CPU
		Release|Any CPU = Release|Any CPU
	EndGlobalSection
	GlobalSection(ProjectConfigurationPlatforms) = postSolution
		{5304CABA-5E75-4087-9460-0628A825CE32}.Debug|Any CPU.ActiveCfg = Debug|Any CPU
		{5304CABA-5E75-4087-9460-0628A825CE32}.Debug|Any CPU.Build.0 = Debug|Any CPU
		{5304CABA-5E75-4087-9460-0628A825CE32}.Release|Any CPU.ActiveCfg = Release|Any CPU
		{5304CABA-5E75-4087-9460-0628A825CE32}.Release|Any CPU.Build.0 = Release|Any CPU
	EndGlobalSection
	GlobalSection(SolutionProperties) = preSolution
		HideSolutionNode = FALSE
	EndGlobalSection
	GlobalSection(ExtensibilityGlobals) = postSolution
		SolutionGuid = {4DD391D2-D187-4466-A4FF-97D62862E4EB}
	EndGlobalSection
EndGlobal
